
Microsoft Visual Studio Solution File, Format Version 12.00
# Visual Studio Version 16
VisualStudioVersion = 16.0.31025.194
MinimumVisualStudioVersion = 10.0.40219.1
Project("{FAE04EC0-301F-11D3-BF4B-00C04F79EFBC}") = "ASPNET-inlamning", "ASPNET-inlamning\ASPNET-inlamning.csproj", "{B1D44FB9-8E32-4CC3-B26A-B54A75D9B5E4}"
EndProject
Global
	GlobalSection(SolutionConfigurationPlatforms) = preSolution
		Debug|Any CPU = Debug|Any CPU
		Release|Any CPU = Release|Any CPU
	EndGlobalSection
	GlobalSection(ProjectConfigurationPlatforms) = postSolution
		{B1D44FB9-8E32-4CC3-B26A-B54A75D9B5E4}.Debug|Any CPU.ActiveCfg = Debug|Any CPU
		{B1D44FB9-8E32-4CC3-B26A-B54A75D9B5E4}.Debug|Any CPU.Build.0 = Debug|Any CPU
		{B1D44FB9-8E32-4CC3-B26A-B54A75D9B5E4}.Release|Any CPU.ActiveCfg = Release|Any CPU
		{B1D44FB9-8E32-4CC3-B26A-B54A75D9B5E4}.Release|Any CPU.Build.0 = Release|Any CPU
	EndGlobalSection
	GlobalSection(SolutionProperties) = preSolution
		HideSolutionNode = FALSE
	EndGlobalSection
	GlobalSection(ExtensibilityGlobals) = postSolution
		SolutionGuid = {E246CC16-6D45-4BAD-A7FA-4BA9ECBE356E}
	EndGlobalSection
EndGlobal
